
Microsoft Visual Studio Solution File, Format Version 12.00
# Visual Studio Version 17
VisualStudioVersion = 17.1.32421.90
MinimumVisualStudioVersion = 10.0.40219.1
Project("{9A19103F-16F7-4668-BE54-9A1E7A4F7556}") = "ShopsRUs", "ShopsRUs\ShopsRUs.csproj", "{D79D64AC-6949-42F9-A25F-8DF5072A8BF6}"
EndProject
Project("{2150E333-8FDC-42A3-9474-1A3956D46DE8}") = "tests", "tests", "{4930DE91-7F1A-41E9-A757-F54DBCE7EBD7}"
EndProject
Project("{E53339B2-1760-4266-BCC7-CA923CBCF16C}") = "docker-compose", "docker-compose.dcproj", "{8ADEE61D-887E-40F5-B9A8-99530BBA9492}"
EndProject
Global
	GlobalSection(SolutionConfigurationPlatforms) = preSolution
		Debug|Any CPU = Debug|Any CPU
		Release|Any CPU = Release|Any CPU
	EndGlobalSection
	GlobalSection(ProjectConfigurationPlatforms) = postSolution
		{D79D64AC-6949-42F9-A25F-8DF5072A8BF6}.Debug|Any CPU.ActiveCfg = Debug|Any CPU
		{D79D64AC-6949-42F9-A25F-8DF5072A8BF6}.Debug|Any CPU.Build.0 = Debug|Any CPU
		{D79D64AC-6949-42F9-A25F-8DF5072A8BF6}.Release|Any CPU.ActiveCfg = Release|Any CPU
		{D79D64AC-6949-42F9-A25F-8DF5072A8BF6}.Release|Any CPU.Build.0 = Release|Any CPU
		{8ADEE61D-887E-40F5-B9A8-99530BBA9492}.Debug|Any CPU.ActiveCfg = Debug|Any CPU
		{8ADEE61D-887E-40F5-B9A8-99530BBA9492}.Debug|Any CPU.Build.0 = Debug|Any CPU
		{8ADEE61D-887E-40F5-B9A8-99530BBA9492}.Release|Any CPU.ActiveCfg = Release|Any CPU
		{8ADEE61D-887E-40F5-B9A8-99530BBA9492}.Release|Any CPU.Build.0 = Release|Any CPU
	EndGlobalSection
	GlobalSection(SolutionProperties) = preSolution
		HideSolutionNode = FALSE
	EndGlobalSection
	GlobalSection(ExtensibilityGlobals) = postSolution
		SolutionGuid = {62268A9C-5765-42DE-960F-A25AFD20AEA5}
	EndGlobalSection
EndGlobal
